// !$*UTF8*$!
{
	archiveVersion = 1;
	classes = {
	};
	objectVersion = 46;
	objects = {

/* Begin PBXBuildFile section */
		C6BED2BC1E1D34CA001A2B69 /* AppDelegate.swift in Sources */ = {isa = PBXBuildFile; fileRef = C6BED2BB1E1D34CA001A2B69 /* AppDelegate.swift */; };
		C6BED2BE1E1D34CA001A2B69 /* ViewController.swift in Sources */ = {isa = PBXBuildFile; fileRef = C6BED2BD1E1D34CA001A2B69 /* ViewController.swift */; };
		C6BED2C11E1D34CA001A2B69 /* Main.storyboard in Resources */ = {isa = PBXBuildFile; fileRef = C6BED2BF1E1D34CA001A2B69 /* Main.storyboard */; };
		C6BED2C31E1D34CA001A2B69 /* Assets.xcassets in Resources */ = {isa = PBXBuildFile; fileRef = C6BED2C21E1D34CA001A2B69 /* Assets.xcassets */; };
		C6BED2C61E1D34CA001A2B69 /* LaunchScreen.storyboard in Resources */ = {isa = PBXBuildFile; fileRef = C6BED2C41E1D34CA001A2B69 /* LaunchScreen.storyboard */; };
		C6BED2CE1E1D3DA8001A2B69 /* SwiftyJSON.swift in Sources */ = {isa = PBXBuildFile; fileRef = C6BED2CD1E1D3DA8001A2B69 /* SwiftyJSON.swift */; };
		C6BED2D01E1D42D3001A2B69 /* DetailViewController.swift in Sources */ = {isa = PBXBuildFile; fileRef = C6BED2CF1E1D42D3001A2B69 /* DetailViewController.swift */; };
/* End PBXBuildFile section */

/* Begin PBXFileReference section */
		C6BED2B81E1D34CA001A2B69 /* Whitehouse Petitions.app */ = {isa = PBXFileReference; explicitFileType = wrapper.application; includeInIndex = 0; path = "Whitehouse Petitions.app"; sourceTree = BUILT_PRODUCTS_DIR; };
		C6BED2BB1E1D34CA001A2B69 /* AppDelegate.swift */ = {isa = PBXFileReference; lastKnownFileType = sourcecode.swift; path = AppDelegate.swift; sourceTree = "<group>"; };
		C6BED2BD1E1D34CA001A2B69 /* ViewController.swift */ = {isa = PBXFileReference; lastKnownFileType = sourcecode.swift; path = ViewController.swift; sourceTree = "<group>"; };
		C6BED2C01E1D34CA001A2B69 /* Base */ = {isa = PBXFileReference; lastKnownFileType = file.storyboard; name = Base; path = Base.lproj/Main.storyboard; sourceTree = "<group>"; };
		C6BED2C21E1D34CA001A2B69 /* Assets.xcassets */ = {isa = PBXFileReference; lastKnownFileType = folder.assetcatalog; path = Assets.xcassets; sourceTree = "<group>"; };
		C6BED2C51E1D34CA001A2B69 /* Base */ = {isa = PBXFileReference; lastKnownFileType = file.storyboard; name = Base; path = Base.lproj/LaunchScreen.storyboard; sourceTree = "<group>"; };
		C6BED2C71E1D34CA001A2B69 /* Info.plist */ = {isa = PBXFileReference; lastKnownFileType = text.plist.xml; path = Info.plist; sourceTree = "<group>"; };
		C6BED2CD1E1D3DA8001A2B69 /* SwiftyJSON.swift */ = {isa = PBXFileReference; fileEncoding = 4; lastKnownFileType = sourcecode.swift; path = SwiftyJSON.swift; sourceTree = "<group>"; };
		C6BED2CF1E1D42D3001A2B69 /* DetailViewController.swift */ = {isa = PBXFileReference; fileEncoding = 4; lastKnownFileType = sourcecode.swift; path = DetailViewController.swift; sourceTree = "<group>"; };
/* End PBXFileReference section */

/* Begin PBXFrameworksBuildPhase section */
		C6BED2B51E1D34CA001A2B69 /* Frameworks */ = {
			isa = PBXFrameworksBuildPhase;
			buildActionMask = 2147483647;
			files = (
			);
			runOnlyForDeploymentPostprocessing = 0;
		};
/* End PBXFrameworksBuildPhase section */

/* Begin PBXGroup section */
		C6BED2AF1E1D34CA001A2B69 = {
			isa = PBXGroup;
			children = (
				C6BED2BA1E1D34CA001A2B69 /* Whitehouse Petitions */,
				C6BED2B91E1D34CA001A2B69 /* Products */,
			);
			sourceTree = "<group>";
		};
		C6BED2B91E1D34CA001A2B69 /* Products */ = {
			isa = PBXGroup;
			children = (
				C6BED2B81E1D34CA001A2B69 /* Whitehouse Petitions.app */,
			);
			name = Products;
			sourceTree = "<group>";
		};
		C6BED2BA1E1D34CA001A2B69 /* Whitehouse Petitions */ = {
			isa = PBXGroup;
			children = (
				C6BED2BB1E1D34CA001A2B69 /* AppDelegate.swift */,
				C6BED2BD1E1D34CA001A2B69 /* ViewController.swift */,
				C6BED2CF1E1D42D3001A2B69 /* DetailViewController.swift */,
				C6BED2BF1E1D34CA001A2B69 /* Main.storyboard */,
				C6BED2C21E1D34CA001A2B69 /* Assets.xcassets */,
				C6BED2C41E1D34CA001A2B69 /* LaunchScreen.storyboard */,
				C6BED2C71E1D34CA001A2B69 /* Info.plist */,
				C6BED2CD1E1D3DA8001A2B69 /* SwiftyJSON.swift */,
			);
			path = "Whitehouse Petitions";
			sourceTree = "<group>";
		};
/* End PBXGroup section */

/* Begin PBXNativeTarget section */
		C6BED2B71E1D34CA001A2B69 /* Whitehouse Petitions */ = {
			isa = PBXNativeTarget;
			buildConfigurationList = C6BED2CA1E1D34CA001A2B69 /* Build configuration list for PBXNativeTarget "Whitehouse Petitions" */;
			buildPhases = (
				C6BED2B41E1D34CA001A2B69 /* Sources */,
				C6BED2B51E1D34CA001A2B69 /* Frameworks */,
				C6BED2B61E1D34CA001A2B69 /* Resources */,
			);
			buildRules = (
			);
			dependencies = (
			);
			name = "Whitehouse Petitions";
			productName = "Whitehouse Petitions";
			productReference = C6BED2B81E1D34CA001A2B69 /* Whitehouse Petitions.app */;
			productType = "com.apple.product-type.application";
		};
/* End PBXNativeTarget section */

/* Begin PBXProject section */
		C6BED2B01E1D34CA001A2B69 /* Project object */ = {
			isa = PBXProject;
			attributes = {
				LastSwiftUpdateCheck = 0820;
				LastUpgradeCheck = 0820;
				ORGANIZATIONNAME = "Dragoman Developers, LLC";
				TargetAttributes = {
					C6BED2B71E1D34CA001A2B69 = {
						CreatedOnToolsVersion = 8.2.1;
						DevelopmentTeam = XYW89PFS48;
						ProvisioningStyle = Automatic;
					};
				};
			};
			buildConfigurationList = C6BED2B31E1D34CA001A2B69 /* Build configuration list for PBXProject "Whitehouse Petitions" */;
			compatibilityVersion = "Xcode 3.2";
			developmentRegion = English;
			hasScannedForEncodings = 0;
			knownRegions = (
				en,
				Base,
			);
			mainGroup = C6BED2AF1E1D34CA001A2B69;
			productRefGroup = C6BED2B91E1D34CA001A2B69 /* Products */;
			projectDirPath = "";
			projectRoot = "";
			targets = (
				C6BED2B71E1D34CA001A2B69 /* Whitehouse Petitions */,
			);
		};
/* End PBXProject section */

/* Begin PBXResourcesBuildPhase section */
		C6BED2B61E1D34CA001A2B69 /* Resources */ = {
			isa = PBXResourcesBuildPhase;
			buildActionMask = 2147483647;
			files = (
				C6BED2C61E1D34CA001A2B69 /* LaunchScreen.storyboard in Resources */,
				C6BED2C31E1D34CA001A2B69 /* Assets.xcassets in Resources */,
				C6BED2C11E1D34CA001A2B69 /* Main.storyboard in Resources */,
			);
			runOnlyForDeploymentPostprocessing = 0;
		};
/* End PBXResourcesBuildPhase section */

/* Begin PBXSourcesBuildPhase section */
		C6BED2B41E1D34CA001A2B69 /* Sources */ = {
			isa = PBXSourcesBuildPhase;
			buildActionMask = 2147483647;
			files = (
				C6BED2CE1E1D3DA8001A2B69 /* SwiftyJSON.swift in Sources */,
				C6BED2BE1E1D34CA001A2B69 /* ViewController.swift in Sources */,
				C6BED2BC1E1D34CA001A2B69 /* AppDelegate.swift in Sources */,
				C6BED2D01E1D42D3001A2B69 /* DetailViewController.swift in Sources */,
			);
			runOnlyForDeploymentPostprocessing = 0;
		};
/* End PBXSourcesBuildPhase section */

/* Begin PBXVariantGroup section */
		C6BED2BF1E1D34CA001A2B69 /* Main.storyboard */ = {
			isa = PBXVariantGroup;
			children = (
				C6BED2C01E1D34CA001A2B69 /* Base */,
			);
			name = Main.storyboard;
			sourceTree = "<group>";
		};
		C6BED2C41E1D34CA001A2B69 /* LaunchScreen.storyboard */ = {
			isa = PBXVariantGroup;
			children = (
				C6BED2C51E1D34CA001A2B69 /* Base */,
			);
			name = LaunchScreen.storyboard;
			sourceTree = "<group>";
		};
/* End PBXVariantGroup section */

/* Begin XCBuildConfiguration section */
		C6BED2C81E1D34CA001A2B69 /* Debug */ = {
			isa = XCBuildConfiguration;
			buildSettings = {
				ALWAYS_SEARCH_USER_PATHS = NO;
				CLANG_ANALYZER_NONNULL = YES;
				CLANG_CXX_LANGUAGE_STANDARD = "gnu++0x";
				CLANG_CXX_LIBRARY = "libc++";
				CLANG_ENABLE_MODULES = YES;
				CLANG_ENABLE_OBJC_ARC = YES;
				CLANG_WARN_BOOL_CONVERSION = YES;
				CLANG_WARN_CONSTANT_CONVERSION = YES;
				CLANG_WARN_DIRECT_OBJC_ISA_USAGE = YES_ERROR;
				CLANG_WARN_DOCUMENTATION_COMMENTS = YES;
				CLANG_WARN_EMPTY_BODY = YES;
				CLANG_WARN_ENUM_CONVERSION = YES;
				CLANG_WARN_INFINITE_RECURSION = YES;
				CLANG_WARN_INT_CONVERSION = YES;
				CLANG_WARN_OBJC_ROOT_CLASS = YES_ERROR;
				CLANG_WARN_SUSPICIOUS_MOVE = YES;
				CLANG_WARN_UNREACHABLE_CODE = YES;
				CLANG_WARN__DUPLICATE_METHOD_MATCH = YES;
				"CODE_SIGN_IDENTITY[sdk=iphoneos*]" = "iPhone Developer";
				COPY_PHASE_STRIP = NO;
				DEBUG_INFORMATION_FORMAT = dwarf;
				ENABLE_STRICT_OBJC_MSGSEND = YES;
				ENABLE_TESTABILITY = YES;
				GCC_C_LANGUAGE_STANDARD = gnu99;
				GCC_DYNAMIC_NO_PIC = NO;
				GCC_NO_COMMON_BLOCKS = YES;
				GCC_OPTIMIZATION_LEVEL = 0;
				GCC_PREPROCESSOR_DEFINITIONS = (
					"DEBUG=1",
					"$(inherited)",
				);
				GCC_WARN_64_TO_32_BIT_CONVERSION = YES;
				GCC_WARN_ABOUT_RETURN_TYPE = YES_ERROR;
				GCC_WARN_UNDECLARED_SELECTOR = YES;
				GCC_WARN_UNINITIALIZED_AUTOS = YES_AGGRESSIVE;
				GCC_WARN_UNUSED_FUNCTION = YES;
				GCC_WARN_UNUSED_VARIABLE = YES;
				IPHONEOS_DEPLOYMENT_TARGET = 10.2;
				MTL_ENABLE_DEBUG_INFO = YES;
				ONLY_ACTIVE_ARCH = YES;
				SDKROOT = iphoneos;
				SWIFT_ACTIVE_COMPILATION_CONDITIONS = DEBUG;
				SWIFT_OPTIMIZATION_LEVEL = "-Onone";
			};
			name = Debug;
		};
		C6BED2C91E1D34CA001A2B69 /* Release */ = {
			isa = XCBuildConfiguration;
			buildSettings = {
				ALWAYS_SEARCH_USER_PATHS = NO;
				CLANG_ANALYZER_NONNULL = YES;
				CLANG_CXX_LANGUAGE_STANDARD = "gnu++0x";
				CLANG_CXX_LIBRARY = "libc++";
				CLANG_ENABLE_MODULES = YES;
				CLANG_ENABLE_OBJC_ARC = YES;
				CLANG_WARN_BOOL_CONVERSION = YES;
				CLANG_WARN_CONSTANT_CONVERSION = YES;
				CLANG_WARN_DIRECT_OBJC_ISA_USAGE = YES_ERROR;
				CLANG_WARN_DOCUMENTATION_COMMENTS = YES;
				CLANG_WARN_EMPTY_BODY = YES;
				CLANG_WARN_ENUM_CONVERSION = YES;
				CLANG_WARN_INFINITE_RECURSION = YES;
				CLANG_WARN_INT_CONVERSION = YES;
				CLANG_WARN_OBJC_ROOT_CLASS = YES_ERROR;
				CLANG_WARN_SUSPICIOUS_MOVE = YES;
				CLANG_WARN_UNREACHABLE_CODE = YES;
				CLANG_WARN__DUPLICATE_METHOD_MATCH = YES;
				"CODE_SIGN_IDENTITY[sdk=iphoneos*]" = "iPhone Developer";
				COPY_PHASE_STRIP = NO;
				DEBUG_INFORMATION_FORMAT = "dwarf-with-dsym";
				ENABLE_NS_ASSERTIONS = NO;
				ENABLE_STRICT_OBJC_MSGSEND = YES;
				GCC_C_LANGUAGE_STANDARD = gnu99;
				GCC_NO_COMMON_BLOCKS = YES;
				GCC_WARN_64_TO_32_BIT_CONVERSION = YES;
				GCC_WARN_ABOUT_RETURN_TYPE = YES_ERROR;
				GCC_WARN_UNDECLARED_SELECTOR = YES;
				GCC_WARN_UNINITIALIZED_AUTOS = YES_AGGRESSIVE;
				GCC_WARN_UNUSED_FUNCTION = YES;
				GCC_WARN_UNUSED_VARIABLE = YES;
				IPHONEOS_DEPLOYMENT_TARGET = 10.2;
				MTL_ENABLE_DEBUG_INFO = NO;
				SDKROOT = iphoneos;
				SWIFT_OPTIMIZATION_LEVEL = "-Owholemodule";
				VALIDATE_PRODUCT = YES;
			};
			name = Release;
		};
		C6BED2CB1E1D34CA001A2B69 /* Debug */ = {
			isa = XCBuildConfiguration;
			buildSettings = {
				ASSETCATALOG_COMPILER_APPICON_NAME = AppIcon;
				DEVELOPMENT_TEAM = XYW89PFS48;
				INFOPLIST_FILE = "Whitehouse Petitions/Info.plist";
				LD_RUNPATH_SEARCH_PATHS = "$(inherited) @executable_path/Frameworks";
				PRODUCT_BUNDLE_IDENTIFIER = "com.dragomandevelopers.Whitehouse-Petitions";
				PRODUCT_NAME = "$(TARGET_NAME)";
				SWIFT_VERSION = 3.0;
			};
			name = Debug;
		};
		C6BED2CC1E1D34CA001A2B69 /* Release */ = {
			isa = XCBuildConfiguration;
			buildSettings = {
				ASSETCATALOG_COMPILER_APPICON_NAME = AppIcon;
				DEVELOPMENT_TEAM = XYW89PFS48;
				INFOPLIST_FILE = "Whitehouse Petitions/Info.plist";
				LD_RUNPATH_SEARCH_PATHS = "$(inherited) @executable_path/Frameworks";
				PRODUCT_BUNDLE_IDENTIFIER = "com.dragomandevelopers.Whitehouse-Petitions";
				PRODUCT_NAME = "$(TARGET_NAME)";
				SWIFT_VERSION = 3.0;
			};
			name = Release;
		};
/* End XCBuildConfiguration section */

/* Begin XCConfigurationList section */
		C6BED2B31E1D34CA001A2B69 /* Build configuration list for PBXProject "Whitehouse Petitions" */ = {
			isa = XCConfigurationList;
			buildConfigurations = (
				C6BED2C81E1D34CA001A2B69 /* Debug */,
				C6BED2C91E1D34CA001A2B69 /* Release */,
			);
			defaultConfigurationIsVisible = 0;
			defaultConfigurationName = Release;
		};
		C6BED2CA1E1D34CA001A2B69 /* Build configuration list for PBXNativeTarget "Whitehouse Petitions" */ = {
			isa = XCConfigurationList;
			buildConfigurations = (
				C6BED2CB1E1D34CA001A2B69 /* Debug */,
				C6BED2CC1E1D34CA001A2B69 /* Release */,
			);
			defaultConfigurationIsVisible = 0;
		};
/* End XCConfigurationList section */
	};
	rootObject = C6BED2B01E1D34CA001A2B69 /* Project object */;
}
