// !$*UTF8*$!
{
	archiveVersion = 1;
	classes = {
	};
	objectVersion = 46;
	objects = {

/* Begin PBXBuildFile section */
		C65909381E33F52C00097885 /* AppDelegate.swift in Sources */ = {isa = PBXBuildFile; fileRef = C65909371E33F52C00097885 /* AppDelegate.swift */; };
		C659093A1E33F52C00097885 /* ViewController.swift in Sources */ = {isa = PBXBuildFile; fileRef = C65909391E33F52C00097885 /* ViewController.swift */; };
		C659093D1E33F52C00097885 /* Main.storyboard in Resources */ = {isa = PBXBuildFile; fileRef = C659093B1E33F52C00097885 /* Main.storyboard */; };
		C659093F1E33F52C00097885 /* Assets.xcassets in Resources */ = {isa = PBXBuildFile; fileRef = C659093E1E33F52C00097885 /* Assets.xcassets */; };
		C65909421E33F52C00097885 /* LaunchScreen.storyboard in Resources */ = {isa = PBXBuildFile; fileRef = C65909401E33F52C00097885 /* LaunchScreen.storyboard */; };
/* End PBXBuildFile section */

/* Begin PBXFileReference section */
		C65909341E33F52C00097885 /* Debugging.app */ = {isa = PBXFileReference; explicitFileType = wrapper.application; includeInIndex = 0; path = Debugging.app; sourceTree = BUILT_PRODUCTS_DIR; };
		C65909371E33F52C00097885 /* AppDelegate.swift */ = {isa = PBXFileReference; lastKnownFileType = sourcecode.swift; path = AppDelegate.swift; sourceTree = "<group>"; };
		C65909391E33F52C00097885 /* ViewController.swift */ = {isa = PBXFileReference; lastKnownFileType = sourcecode.swift; path = ViewController.swift; sourceTree = "<group>"; };
		C659093C1E33F52C00097885 /* Base */ = {isa = PBXFileReference; lastKnownFileType = file.storyboard; name = Base; path = Base.lproj/Main.storyboard; sourceTree = "<group>"; };
		C659093E1E33F52C00097885 /* Assets.xcassets */ = {isa = PBXFileReference; lastKnownFileType = folder.assetcatalog; path = Assets.xcassets; sourceTree = "<group>"; };
		C65909411E33F52C00097885 /* Base */ = {isa = PBXFileReference; lastKnownFileType = file.storyboard; name = Base; path = Base.lproj/LaunchScreen.storyboard; sourceTree = "<group>"; };
		C65909431E33F52C00097885 /* Info.plist */ = {isa = PBXFileReference; lastKnownFileType = text.plist.xml; path = Info.plist; sourceTree = "<group>"; };
/* End PBXFileReference section */

/* Begin PBXFrameworksBuildPhase section */
		C65909311E33F52C00097885 /* Frameworks */ = {
			isa = PBXFrameworksBuildPhase;
			buildActionMask = 2147483647;
			files = (
			);
			runOnlyForDeploymentPostprocessing = 0;
		};
/* End PBXFrameworksBuildPhase section */

/* Begin PBXGroup section */
		C659092B1E33F52C00097885 = {
			isa = PBXGroup;
			children = (
				C65909361E33F52C00097885 /* Debugging */,
				C65909351E33F52C00097885 /* Products */,
			);
			sourceTree = "<group>";
		};
		C65909351E33F52C00097885 /* Products */ = {
			isa = PBXGroup;
			children = (
				C65909341E33F52C00097885 /* Debugging.app */,
			);
			name = Products;
			sourceTree = "<group>";
		};
		C65909361E33F52C00097885 /* Debugging */ = {
			isa = PBXGroup;
			children = (
				C65909371E33F52C00097885 /* AppDelegate.swift */,
				C65909391E33F52C00097885 /* ViewController.swift */,
				C659093B1E33F52C00097885 /* Main.storyboard */,
				C659093E1E33F52C00097885 /* Assets.xcassets */,
				C65909401E33F52C00097885 /* LaunchScreen.storyboard */,
				C65909431E33F52C00097885 /* Info.plist */,
			);
			path = Debugging;
			sourceTree = "<group>";
		};
/* End PBXGroup section */

/* Begin PBXNativeTarget section */
		C65909331E33F52C00097885 /* Debugging */ = {
			isa = PBXNativeTarget;
			buildConfigurationList = C65909461E33F52C00097885 /* Build configuration list for PBXNativeTarget "Debugging" */;
			buildPhases = (
				C65909301E33F52C00097885 /* Sources */,
				C65909311E33F52C00097885 /* Frameworks */,
				C65909321E33F52C00097885 /* Resources */,
			);
			buildRules = (
			);
			dependencies = (
			);
			name = Debugging;
			productName = Debugging;
			productReference = C65909341E33F52C00097885 /* Debugging.app */;
			productType = "com.apple.product-type.application";
		};
/* End PBXNativeTarget section */

/* Begin PBXProject section */
		C659092C1E33F52C00097885 /* Project object */ = {
			isa = PBXProject;
			attributes = {
				LastSwiftUpdateCheck = 0820;
				LastUpgradeCheck = 0820;
				ORGANIZATIONNAME = "Dragoman Developers, LLC";
				TargetAttributes = {
					C65909331E33F52C00097885 = {
						CreatedOnToolsVersion = 8.2.1;
						DevelopmentTeam = XYW89PFS48;
						ProvisioningStyle = Automatic;
					};
				};
			};
			buildConfigurationList = C659092F1E33F52C00097885 /* Build configuration list for PBXProject "Debugging" */;
			compatibilityVersion = "Xcode 3.2";
			developmentRegion = English;
			hasScannedForEncodings = 0;
			knownRegions = (
				en,
				Base,
			);
			mainGroup = C659092B1E33F52C00097885;
			productRefGroup = C65909351E33F52C00097885 /* Products */;
			projectDirPath = "";
			projectRoot = "";
			targets = (
				C65909331E33F52C00097885 /* Debugging */,
			);
		};
/* End PBXProject section */

/* Begin PBXResourcesBuildPhase section */
		C65909321E33F52C00097885 /* Resources */ = {
			isa = PBXResourcesBuildPhase;
			buildActionMask = 2147483647;
			files = (
				C65909421E33F52C00097885 /* LaunchScreen.storyboard in Resources */,
				C659093F1E33F52C00097885 /* Assets.xcassets in Resources */,
				C659093D1E33F52C00097885 /* Main.storyboard in Resources */,
			);
			runOnlyForDeploymentPostprocessing = 0;
		};
/* End PBXResourcesBuildPhase section */

/* Begin PBXSourcesBuildPhase section */
		C65909301E33F52C00097885 /* Sources */ = {
			isa = PBXSourcesBuildPhase;
			buildActionMask = 2147483647;
			files = (
				C659093A1E33F52C00097885 /* ViewController.swift in Sources */,
				C65909381E33F52C00097885 /* AppDelegate.swift in Sources */,
			);
			runOnlyForDeploymentPostprocessing = 0;
		};
/* End PBXSourcesBuildPhase section */

/* Begin PBXVariantGroup section */
		C659093B1E33F52C00097885 /* Main.storyboard */ = {
			isa = PBXVariantGroup;
			children = (
				C659093C1E33F52C00097885 /* Base */,
			);
			name = Main.storyboard;
			sourceTree = "<group>";
		};
		C65909401E33F52C00097885 /* LaunchScreen.storyboard */ = {
			isa = PBXVariantGroup;
			children = (
				C65909411E33F52C00097885 /* Base */,
			);
			name = LaunchScreen.storyboard;
			sourceTree = "<group>";
		};
/* End PBXVariantGroup section */

/* Begin XCBuildConfiguration section */
		C65909441E33F52C00097885 /* Debug */ = {
			isa = XCBuildConfiguration;
			buildSettings = {
				ALWAYS_SEARCH_USER_PATHS = NO;
				CLANG_ANALYZER_NONNULL = YES;
				CLANG_CXX_LANGUAGE_STANDARD = "gnu++0x";
				CLANG_CXX_LIBRARY = "libc++";
				CLANG_ENABLE_MODULES = YES;
				CLANG_ENABLE_OBJC_ARC = YES;
				CLANG_WARN_BOOL_CONVERSION = YES;
				CLANG_WARN_CONSTANT_CONVERSION = YES;
				CLANG_WARN_DIRECT_OBJC_ISA_USAGE = YES_ERROR;
				CLANG_WARN_DOCUMENTATION_COMMENTS = YES;
				CLANG_WARN_EMPTY_BODY = YES;
				CLANG_WARN_ENUM_CONVERSION = YES;
				CLANG_WARN_INFINITE_RECURSION = YES;
				CLANG_WARN_INT_CONVERSION = YES;
				CLANG_WARN_OBJC_ROOT_CLASS = YES_ERROR;
				CLANG_WARN_SUSPICIOUS_MOVE = YES;
				CLANG_WARN_UNREACHABLE_CODE = YES;
				CLANG_WARN__DUPLICATE_METHOD_MATCH = YES;
				"CODE_SIGN_IDENTITY[sdk=iphoneos*]" = "iPhone Developer";
				COPY_PHASE_STRIP = NO;
				DEBUG_INFORMATION_FORMAT = dwarf;
				ENABLE_STRICT_OBJC_MSGSEND = YES;
				ENABLE_TESTABILITY = YES;
				GCC_C_LANGUAGE_STANDARD = gnu99;
				GCC_DYNAMIC_NO_PIC = NO;
				GCC_NO_COMMON_BLOCKS = YES;
				GCC_OPTIMIZATION_LEVEL = 0;
				GCC_PREPROCESSOR_DEFINITIONS = (
					"DEBUG=1",
					"$(inherited)",
				);
				GCC_WARN_64_TO_32_BIT_CONVERSION = YES;
				GCC_WARN_ABOUT_RETURN_TYPE = YES_ERROR;
				GCC_WARN_UNDECLARED_SELECTOR = YES;
				GCC_WARN_UNINITIALIZED_AUTOS = YES_AGGRESSIVE;
				GCC_WARN_UNUSED_FUNCTION = YES;
				GCC_WARN_UNUSED_VARIABLE = YES;
				IPHONEOS_DEPLOYMENT_TARGET = 10.2;
				MTL_ENABLE_DEBUG_INFO = YES;
				ONLY_ACTIVE_ARCH = YES;
				SDKROOT = iphoneos;
				SWIFT_ACTIVE_COMPILATION_CONDITIONS = DEBUG;
				SWIFT_OPTIMIZATION_LEVEL = "-Onone";
			};
			name = Debug;
		};
		C65909451E33F52C00097885 /* Release */ = {
			isa = XCBuildConfiguration;
			buildSettings = {
				ALWAYS_SEARCH_USER_PATHS = NO;
				CLANG_ANALYZER_NONNULL = YES;
				CLANG_CXX_LANGUAGE_STANDARD = "gnu++0x";
				CLANG_CXX_LIBRARY = "libc++";
				CLANG_ENABLE_MODULES = YES;
				CLANG_ENABLE_OBJC_ARC = YES;
				CLANG_WARN_BOOL_CONVERSION = YES;
				CLANG_WARN_CONSTANT_CONVERSION = YES;
				CLANG_WARN_DIRECT_OBJC_ISA_USAGE = YES_ERROR;
				CLANG_WARN_DOCUMENTATION_COMMENTS = YES;
				CLANG_WARN_EMPTY_BODY = YES;
				CLANG_WARN_ENUM_CONVERSION = YES;
				CLANG_WARN_INFINITE_RECURSION = YES;
				CLANG_WARN_INT_CONVERSION = YES;
				CLANG_WARN_OBJC_ROOT_CLASS = YES_ERROR;
				CLANG_WARN_SUSPICIOUS_MOVE = YES;
				CLANG_WARN_UNREACHABLE_CODE = YES;
				CLANG_WARN__DUPLICATE_METHOD_MATCH = YES;
				"CODE_SIGN_IDENTITY[sdk=iphoneos*]" = "iPhone Developer";
				COPY_PHASE_STRIP = NO;
				DEBUG_INFORMATION_FORMAT = "dwarf-with-dsym";
				ENABLE_NS_ASSERTIONS = NO;
				ENABLE_STRICT_OBJC_MSGSEND = YES;
				GCC_C_LANGUAGE_STANDARD = gnu99;
				GCC_NO_COMMON_BLOCKS = YES;
				GCC_WARN_64_TO_32_BIT_CONVERSION = YES;
				GCC_WARN_ABOUT_RETURN_TYPE = YES_ERROR;
				GCC_WARN_UNDECLARED_SELECTOR = YES;
				GCC_WARN_UNINITIALIZED_AUTOS = YES_AGGRESSIVE;
				GCC_WARN_UNUSED_FUNCTION = YES;
				GCC_WARN_UNUSED_VARIABLE = YES;
				IPHONEOS_DEPLOYMENT_TARGET = 10.2;
				MTL_ENABLE_DEBUG_INFO = NO;
				SDKROOT = iphoneos;
				SWIFT_OPTIMIZATION_LEVEL = "-Owholemodule";
				VALIDATE_PRODUCT = YES;
			};
			name = Release;
		};
		C65909471E33F52C00097885 /* Debug */ = {
			isa = XCBuildConfiguration;
			buildSettings = {
				ASSETCATALOG_COMPILER_APPICON_NAME = AppIcon;
				DEVELOPMENT_TEAM = XYW89PFS48;
				INFOPLIST_FILE = Debugging/Info.plist;
				LD_RUNPATH_SEARCH_PATHS = "$(inherited) @executable_path/Frameworks";
				PRODUCT_BUNDLE_IDENTIFIER = com.dragomandevelopers.Debugging;
				PRODUCT_NAME = "$(TARGET_NAME)";
				SWIFT_VERSION = 3.0;
			};
			name = Debug;
		};
		C65909481E33F52C00097885 /* Release */ = {
			isa = XCBuildConfiguration;
			buildSettings = {
				ASSETCATALOG_COMPILER_APPICON_NAME = AppIcon;
				DEVELOPMENT_TEAM = XYW89PFS48;
				INFOPLIST_FILE = Debugging/Info.plist;
				LD_RUNPATH_SEARCH_PATHS = "$(inherited) @executable_path/Frameworks";
				PRODUCT_BUNDLE_IDENTIFIER = com.dragomandevelopers.Debugging;
				PRODUCT_NAME = "$(TARGET_NAME)";
				SWIFT_VERSION = 3.0;
			};
			name = Release;
		};
/* End XCBuildConfiguration section */

/* Begin XCConfigurationList section */
		C659092F1E33F52C00097885 /* Build configuration list for PBXProject "Debugging" */ = {
			isa = XCConfigurationList;
			buildConfigurations = (
				C65909441E33F52C00097885 /* Debug */,
				C65909451E33F52C00097885 /* Release */,
			);
			defaultConfigurationIsVisible = 0;
			defaultConfigurationName = Release;
		};
		C65909461E33F52C00097885 /* Build configuration list for PBXNativeTarget "Debugging" */ = {
			isa = XCConfigurationList;
			buildConfigurations = (
				C65909471E33F52C00097885 /* Debug */,
				C65909481E33F52C00097885 /* Release */,
			);
			defaultConfigurationIsVisible = 0;
		};
/* End XCConfigurationList section */
	};
	rootObject = C659092C1E33F52C00097885 /* Project object */;
}
